// !$*UTF8*$!
{
	archiveVersion = 1;
	classes = {
	};
	objectVersion = 50;
	objects = {

/* Begin PBXBuildFile section */
		A52D0528257D9C3200CB1899 /* AppDelegate.swift in Sources */ = {isa = PBXBuildFile; fileRef = A52D0527257D9C3200CB1899 /* AppDelegate.swift */; };
		A52D052A257D9C3200CB1899 /* SceneDelegate.swift in Sources */ = {isa = PBXBuildFile; fileRef = A52D0529257D9C3200CB1899 /* SceneDelegate.swift */; };
		A52D052F257D9C3200CB1899 /* Main.storyboard in Resources */ = {isa = PBXBuildFile; fileRef = A52D052D257D9C3200CB1899 /* Main.storyboard */; };
		A52D0532257D9C3200CB1899 /* Todoey.xcdatamodeld in Sources */ = {isa = PBXBuildFile; fileRef = A52D0530257D9C3200CB1899 /* Todoey.xcdatamodeld */; };
		A52D0534257D9C3300CB1899 /* Assets.xcassets in Resources */ = {isa = PBXBuildFile; fileRef = A52D0533257D9C3300CB1899 /* Assets.xcassets */; };
		A52D0537257D9C3300CB1899 /* LaunchScreen.storyboard in Resources */ = {isa = PBXBuildFile; fileRef = A52D0535257D9C3300CB1899 /* LaunchScreen.storyboard */; };
		A52D0540257DA15000CB1899 /* TodoListTableViewController.swift in Sources */ = {isa = PBXBuildFile; fileRef = A52D053F257DA15000CB1899 /* TodoListTableViewController.swift */; };
/* End PBXBuildFile section */

/* Begin PBXFileReference section */
		A52D0524257D9C3200CB1899 /* Todoey.app */ = {isa = PBXFileReference; explicitFileType = wrapper.application; includeInIndex = 0; path = Todoey.app; sourceTree = BUILT_PRODUCTS_DIR; };
		A52D0527257D9C3200CB1899 /* AppDelegate.swift */ = {isa = PBXFileReference; lastKnownFileType = sourcecode.swift; path = AppDelegate.swift; sourceTree = "<group>"; };
		A52D0529257D9C3200CB1899 /* SceneDelegate.swift */ = {isa = PBXFileReference; lastKnownFileType = sourcecode.swift; path = SceneDelegate.swift; sourceTree = "<group>"; };
		A52D052E257D9C3200CB1899 /* Base */ = {isa = PBXFileReference; lastKnownFileType = file.storyboard; name = Base; path = Base.lproj/Main.storyboard; sourceTree = "<group>"; };
		A52D0531257D9C3200CB1899 /* Todoey.xcdatamodel */ = {isa = PBXFileReference; lastKnownFileType = wrapper.xcdatamodel; path = Todoey.xcdatamodel; sourceTree = "<group>"; };
		A52D0533257D9C3300CB1899 /* Assets.xcassets */ = {isa = PBXFileReference; lastKnownFileType = folder.assetcatalog; path = Assets.xcassets; sourceTree = "<group>"; };
		A52D0536257D9C3300CB1899 /* Base */ = {isa = PBXFileReference; lastKnownFileType = file.storyboard; name = Base; path = Base.lproj/LaunchScreen.storyboard; sourceTree = "<group>"; };
		A52D0538257D9C3300CB1899 /* Info.plist */ = {isa = PBXFileReference; lastKnownFileType = text.plist.xml; path = Info.plist; sourceTree = "<group>"; };
		A52D053F257DA15000CB1899 /* TodoListTableViewController.swift */ = {isa = PBXFileReference; lastKnownFileType = sourcecode.swift; path = TodoListTableViewController.swift; sourceTree = "<group>"; };
/* End PBXFileReference section */

/* Begin PBXFrameworksBuildPhase section */
		A52D0521257D9C3200CB1899 /* Frameworks */ = {
			isa = PBXFrameworksBuildPhase;
			buildActionMask = 2147483647;
			files = (
			);
			runOnlyForDeploymentPostprocessing = 0;
		};
/* End PBXFrameworksBuildPhase section */

/* Begin PBXGroup section */
		A52D051B257D9C3200CB1899 = {
			isa = PBXGroup;
			children = (
				A52D0526257D9C3200CB1899 /* Todoey */,
				A52D0525257D9C3200CB1899 /* Products */,
			);
			sourceTree = "<group>";
		};
		A52D0525257D9C3200CB1899 /* Products */ = {
			isa = PBXGroup;
			children = (
				A52D0524257D9C3200CB1899 /* Todoey.app */,
			);
			name = Products;
			sourceTree = "<group>";
		};
		A52D0526257D9C3200CB1899 /* Todoey */ = {
			isa = PBXGroup;
			children = (
				A52D0527257D9C3200CB1899 /* AppDelegate.swift */,
				A52D0529257D9C3200CB1899 /* SceneDelegate.swift */,
				A52D0543257DA16F00CB1899 /* Model */,
				A52D0546257DA18D00CB1899 /* Views */,
				A52D0544257DA17E00CB1899 /* Controllers */,
				A52D054B257DF0C400CB1899 /* Supporting Files */,
				A52D0538257D9C3300CB1899 /* Info.plist */,
			);
			path = Todoey;
			sourceTree = "<group>";
		};
		A52D0543257DA16F00CB1899 /* Model */ = {
			isa = PBXGroup;
			children = (
				A52D0530257D9C3200CB1899 /* Todoey.xcdatamodeld */,
			);
			path = Model;
			sourceTree = "<group>";
		};
		A52D0544257DA17E00CB1899 /* Controllers */ = {
			isa = PBXGroup;
			children = (
				A52D053F257DA15000CB1899 /* TodoListTableViewController.swift */,
			);
			path = Controllers;
			sourceTree = "<group>";
		};
		A52D0546257DA18D00CB1899 /* Views */ = {
			isa = PBXGroup;
			children = (
				A52D052D257D9C3200CB1899 /* Main.storyboard */,
			);
			path = Views;
			sourceTree = "<group>";
		};
		A52D054B257DF0C400CB1899 /* Supporting Files */ = {
			isa = PBXGroup;
			children = (
				A52D0533257D9C3300CB1899 /* Assets.xcassets */,
				A52D0535257D9C3300CB1899 /* LaunchScreen.storyboard */,
			);
			path = "Supporting Files";
			sourceTree = "<group>";
		};
/* End PBXGroup section */

/* Begin PBXNativeTarget section */
		A52D0523257D9C3200CB1899 /* Todoey */ = {
			isa = PBXNativeTarget;
			buildConfigurationList = A52D053B257D9C3300CB1899 /* Build configuration list for PBXNativeTarget "Todoey" */;
			buildPhases = (
				A52D0520257D9C3200CB1899 /* Sources */,
				A52D0521257D9C3200CB1899 /* Frameworks */,
				A52D0522257D9C3200CB1899 /* Resources */,
			);
			buildRules = (
			);
			dependencies = (
			);
			name = Todoey;
			productName = Todoey;
			productReference = A52D0524257D9C3200CB1899 /* Todoey.app */;
			productType = "com.apple.product-type.application";
		};
/* End PBXNativeTarget section */

/* Begin PBXProject section */
		A52D051C257D9C3200CB1899 /* Project object */ = {
			isa = PBXProject;
			attributes = {
				LastSwiftUpdateCheck = 1220;
				LastUpgradeCheck = 1220;
				TargetAttributes = {
					A52D0523257D9C3200CB1899 = {
						CreatedOnToolsVersion = 12.2;
					};
				};
			};
			buildConfigurationList = A52D051F257D9C3200CB1899 /* Build configuration list for PBXProject "Todoey" */;
			compatibilityVersion = "Xcode 9.3";
			developmentRegion = en;
			hasScannedForEncodings = 0;
			knownRegions = (
				en,
				Base,
			);
			mainGroup = A52D051B257D9C3200CB1899;
			productRefGroup = A52D0525257D9C3200CB1899 /* Products */;
			projectDirPath = "";
			projectRoot = "";
			targets = (
				A52D0523257D9C3200CB1899 /* Todoey */,
			);
		};
/* End PBXProject section */

/* Begin PBXResourcesBuildPhase section */
		A52D0522257D9C3200CB1899 /* Resources */ = {
			isa = PBXResourcesBuildPhase;
			buildActionMask = 2147483647;
			files = (
				A52D0537257D9C3300CB1899 /* LaunchScreen.storyboard in Resources */,
				A52D0534257D9C3300CB1899 /* Assets.xcassets in Resources */,
				A52D052F257D9C3200CB1899 /* Main.storyboard in Resources */,
			);
			runOnlyForDeploymentPostprocessing = 0;
		};
/* End PBXResourcesBuildPhase section */

/* Begin PBXSourcesBuildPhase section */
		A52D0520257D9C3200CB1899 /* Sources */ = {
			isa = PBXSourcesBuildPhase;
			buildActionMask = 2147483647;
			files = (
				A52D0528257D9C3200CB1899 /* AppDelegate.swift in Sources */,
				A52D052A257D9C3200CB1899 /* SceneDelegate.swift in Sources */,
				A52D0532257D9C3200CB1899 /* Todoey.xcdatamodeld in Sources */,
				A52D0540257DA15000CB1899 /* TodoListTableViewController.swift in Sources */,
			);
			runOnlyForDeploymentPostprocessing = 0;
		};
/* End PBXSourcesBuildPhase section */

/* Begin PBXVariantGroup section */
		A52D052D257D9C3200CB1899 /* Main.storyboard */ = {
			isa = PBXVariantGroup;
			children = (
				A52D052E257D9C3200CB1899 /* Base */,
			);
			name = Main.storyboard;
			sourceTree = "<group>";
		};
		A52D0535257D9C3300CB1899 /* LaunchScreen.storyboard */ = {
			isa = PBXVariantGroup;
			children = (
				A52D0536257D9C3300CB1899 /* Base */,
			);
			name = LaunchScreen.storyboard;
			sourceTree = "<group>";
		};
/* End PBXVariantGroup section */

/* Begin XCBuildConfiguration section */
		A52D0539257D9C3300CB1899 /* Debug */ = {
			isa = XCBuildConfiguration;
			buildSettings = {
				ALWAYS_SEARCH_USER_PATHS = NO;
				CLANG_ANALYZER_NONNULL = YES;
				CLANG_ANALYZER_NUMBER_OBJECT_CONVERSION = YES_AGGRESSIVE;
				CLANG_CXX_LANGUAGE_STANDARD = "gnu++14";
				CLANG_CXX_LIBRARY = "libc++";
				CLANG_ENABLE_MODULES = YES;
				CLANG_ENABLE_OBJC_ARC = YES;
				CLANG_ENABLE_OBJC_WEAK = YES;
				CLANG_WARN_BLOCK_CAPTURE_AUTORELEASING = YES;
				CLANG_WARN_BOOL_CONVERSION = YES;
				CLANG_WARN_COMMA = YES;
				CLANG_WARN_CONSTANT_CONVERSION = YES;
				CLANG_WARN_DEPRECATED_OBJC_IMPLEMENTATIONS = YES;
				CLANG_WARN_DIRECT_OBJC_ISA_USAGE = YES_ERROR;
				CLANG_WARN_DOCUMENTATION_COMMENTS = YES;
				CLANG_WARN_EMPTY_BODY = YES;
				CLANG_WARN_ENUM_CONVERSION = YES;
				CLANG_WARN_INFINITE_RECURSION = YES;
				CLANG_WARN_INT_CONVERSION = YES;
				CLANG_WARN_NON_LITERAL_NULL_CONVERSION = YES;
				CLANG_WARN_OBJC_IMPLICIT_RETAIN_SELF = YES;
				CLANG_WARN_OBJC_LITERAL_CONVERSION = YES;
				CLANG_WARN_OBJC_ROOT_CLASS = YES_ERROR;
				CLANG_WARN_QUOTED_INCLUDE_IN_FRAMEWORK_HEADER = YES;
				CLANG_WARN_RANGE_LOOP_ANALYSIS = YES;
				CLANG_WARN_STRICT_PROTOTYPES = YES;
				CLANG_WARN_SUSPICIOUS_MOVE = YES;
				CLANG_WARN_UNGUARDED_AVAILABILITY = YES_AGGRESSIVE;
				CLANG_WARN_UNREACHABLE_CODE = YES;
				CLANG_WARN__DUPLICATE_METHOD_MATCH = YES;
				COPY_PHASE_STRIP = NO;
				DEBUG_INFORMATION_FORMAT = dwarf;
				ENABLE_STRICT_OBJC_MSGSEND = YES;
				ENABLE_TESTABILITY = YES;
				GCC_C_LANGUAGE_STANDARD = gnu11;
				GCC_DYNAMIC_NO_PIC = NO;
				GCC_NO_COMMON_BLOCKS = YES;
				GCC_OPTIMIZATION_LEVEL = 0;
				GCC_PREPROCESSOR_DEFINITIONS = (
					"DEBUG=1",
					"$(inherited)",
				);
				GCC_WARN_64_TO_32_BIT_CONVERSION = YES;
				GCC_WARN_ABOUT_RETURN_TYPE = YES_ERROR;
				GCC_WARN_UNDECLARED_SELECTOR = YES;
				GCC_WARN_UNINITIALIZED_AUTOS = YES_AGGRESSIVE;
				GCC_WARN_UNUSED_FUNCTION = YES;
				GCC_WARN_UNUSED_VARIABLE = YES;
				IPHONEOS_DEPLOYMENT_TARGET = 14.2;
				MTL_ENABLE_DEBUG_INFO = INCLUDE_SOURCE;
				MTL_FAST_MATH = YES;
				ONLY_ACTIVE_ARCH = YES;
				SDKROOT = iphoneos;
				SWIFT_ACTIVE_COMPILATION_CONDITIONS = DEBUG;
				SWIFT_OPTIMIZATION_LEVEL = "-Onone";
			};
			name = Debug;
		};
		A52D053A257D9C3300CB1899 /* Release */ = {
			isa = XCBuildConfiguration;
			buildSettings = {
				ALWAYS_SEARCH_USER_PATHS = NO;
				CLANG_ANALYZER_NONNULL = YES;
				CLANG_ANALYZER_NUMBER_OBJECT_CONVERSION = YES_AGGRESSIVE;
				CLANG_CXX_LANGUAGE_STANDARD = "gnu++14";
				CLANG_CXX_LIBRARY = "libc++";
				CLANG_ENABLE_MODULES = YES;
				CLANG_ENABLE_OBJC_ARC = YES;
				CLANG_ENABLE_OBJC_WEAK = YES;
				CLANG_WARN_BLOCK_CAPTURE_AUTORELEASING = YES;
				CLANG_WARN_BOOL_CONVERSION = YES;
				CLANG_WARN_COMMA = YES;
				CLANG_WARN_CONSTANT_CONVERSION = YES;
				CLANG_WARN_DEPRECATED_OBJC_IMPLEMENTATIONS = YES;
				CLANG_WARN_DIRECT_OBJC_ISA_USAGE = YES_ERROR;
				CLANG_WARN_DOCUMENTATION_COMMENTS = YES;
				CLANG_WARN_EMPTY_BODY = YES;
				CLANG_WARN_ENUM_CONVERSION = YES;
				CLANG_WARN_INFINITE_RECURSION = YES;
				CLANG_WARN_INT_CONVERSION = YES;
				CLANG_WARN_NON_LITERAL_NULL_CONVERSION = YES;
				CLANG_WARN_OBJC_IMPLICIT_RETAIN_SELF = YES;
				CLANG_WARN_OBJC_LITERAL_CONVERSION = YES;
				CLANG_WARN_OBJC_ROOT_CLASS = YES_ERROR;
				CLANG_WARN_QUOTED_INCLUDE_IN_FRAMEWORK_HEADER = YES;
				CLANG_WARN_RANGE_LOOP_ANALYSIS = YES;
				CLANG_WARN_STRICT_PROTOTYPES = YES;
				CLANG_WARN_SUSPICIOUS_MOVE = YES;
				CLANG_WARN_UNGUARDED_AVAILABILITY = YES_AGGRESSIVE;
				CLANG_WARN_UNREACHABLE_CODE = YES;
				CLANG_WARN__DUPLICATE_METHOD_MATCH = YES;
				COPY_PHASE_STRIP = NO;
				DEBUG_INFORMATION_FORMAT = "dwarf-with-dsym";
				ENABLE_NS_ASSERTIONS = NO;
				ENABLE_STRICT_OBJC_MSGSEND = YES;
				GCC_C_LANGUAGE_STANDARD = gnu11;
				GCC_NO_COMMON_BLOCKS = YES;
				GCC_WARN_64_TO_32_BIT_CONVERSION = YES;
				GCC_WARN_ABOUT_RETURN_TYPE = YES_ERROR;
				GCC_WARN_UNDECLARED_SELECTOR = YES;
				GCC_WARN_UNINITIALIZED_AUTOS = YES_AGGRESSIVE;
				GCC_WARN_UNUSED_FUNCTION = YES;
				GCC_WARN_UNUSED_VARIABLE = YES;
				IPHONEOS_DEPLOYMENT_TARGET = 14.2;
				MTL_ENABLE_DEBUG_INFO = NO;
				MTL_FAST_MATH = YES;
				SDKROOT = iphoneos;
				SWIFT_COMPILATION_MODE = wholemodule;
				SWIFT_OPTIMIZATION_LEVEL = "-O";
				VALIDATE_PRODUCT = YES;
			};
			name = Release;
		};
		A52D053C257D9C3300CB1899 /* Debug */ = {
			isa = XCBuildConfiguration;
			buildSettings = {
				ASSETCATALOG_COMPILER_APPICON_NAME = AppIcon;
				ASSETCATALOG_COMPILER_GLOBAL_ACCENT_COLOR_NAME = AccentColor;
				CODE_SIGN_STYLE = Automatic;
				DEVELOPMENT_TEAM = T7PVAD4F92;
				INFOPLIST_FILE = Todoey/Info.plist;
				LD_RUNPATH_SEARCH_PATHS = (
					"$(inherited)",
					"@executable_path/Frameworks",
				);
				PRODUCT_BUNDLE_IDENTIFIER = com.BrandoFlores.Todoey;
				PRODUCT_NAME = "$(TARGET_NAME)";
				SWIFT_VERSION = 5.0;
				TARGETED_DEVICE_FAMILY = "1,2";
			};
			name = Debug;
		};
		A52D053D257D9C3300CB1899 /* Release */ = {
			isa = XCBuildConfiguration;
			buildSettings = {
				ASSETCATALOG_COMPILER_APPICON_NAME = AppIcon;
				ASSETCATALOG_COMPILER_GLOBAL_ACCENT_COLOR_NAME = AccentColor;
				CODE_SIGN_STYLE = Automatic;
				DEVELOPMENT_TEAM = T7PVAD4F92;
				INFOPLIST_FILE = Todoey/Info.plist;
				LD_RUNPATH_SEARCH_PATHS = (
					"$(inherited)",
					"@executable_path/Frameworks",
				);
				PRODUCT_BUNDLE_IDENTIFIER = com.BrandoFlores.Todoey;
				PRODUCT_NAME = "$(TARGET_NAME)";
				SWIFT_VERSION = 5.0;
				TARGETED_DEVICE_FAMILY = "1,2";
			};
			name = Release;
		};
/* End XCBuildConfiguration section */

/* Begin XCConfigurationList section */
		A52D051F257D9C3200CB1899 /* Build configuration list for PBXProject "Todoey" */ = {
			isa = XCConfigurationList;
			buildConfigurations = (
				A52D0539257D9C3300CB1899 /* Debug */,
				A52D053A257D9C3300CB1899 /* Release */,
			);
			defaultConfigurationIsVisible = 0;
			defaultConfigurationName = Release;
		};
		A52D053B257D9C3300CB1899 /* Build configuration list for PBXNativeTarget "Todoey" */ = {
			isa = XCConfigurationList;
			buildConfigurations = (
				A52D053C257D9C3300CB1899 /* Debug */,
				A52D053D257D9C3300CB1899 /* Release */,
			);
			defaultConfigurationIsVisible = 0;
			defaultConfigurationName = Release;
		};
/* End XCConfigurationList section */

/* Begin XCVersionGroup section */
		A52D0530257D9C3200CB1899 /* Todoey.xcdatamodeld */ = {
			isa = XCVersionGroup;
			children = (
				A52D0531257D9C3200CB1899 /* Todoey.xcdatamodel */,
			);
			currentVersion = A52D0531257D9C3200CB1899 /* Todoey.xcdatamodel */;
			path = Todoey.xcdatamodeld;
			sourceTree = "<group>";
			versionGroupType = wrapper.xcdatamodel;
		};
/* End XCVersionGroup section */
	};
	rootObject = A52D051C257D9C3200CB1899 /* Project object */;
}
